
Microsoft Visual Studio Solution File, Format Version 12.00
# Visual Studio 15
VisualStudioVersion = 15.0.26730.12
MinimumVisualStudioVersion = 10.0.40219.1
Project("{9A19103F-16F7-4668-BE54-9A1E7A4F7556}") = "AstmLib", "src\AstmLib\AstmLib.csproj", "{0531C521-2B91-4DD7-B8AC-CCD0CB3FB472}"
EndProject
Project("{2150E333-8FDC-42A3-9474-1A3956D46DE8}") = "src", "src", "{C49C50D8-52AE-413F-A279-8A7FA75918BE}"
EndProject
Project("{2150E333-8FDC-42A3-9474-1A3956D46DE8}") = "tests", "tests", "{3A12511C-9A27-4FF5-ABF6-EA0B9A682707}"
EndProject
Project("{FAE04EC0-301F-11D3-BF4B-00C04F79EFBC}") = "AstmLib.Tests", "tests\AstmLib.Tests\AstmLib.Tests.csproj", "{7CAC8F60-AD0E-45EB-B1E9-B3448CE9109C}"
EndProject
Global
	GlobalSection(SolutionConfigurationPlatforms) = preSolution
		Debug|Any CPU = Debug|Any CPU
		Release|Any CPU = Release|Any CPU
	EndGlobalSection
	GlobalSection(ProjectConfigurationPlatforms) = postSolution
		{0531C521-2B91-4DD7-B8AC-CCD0CB3FB472}.Debug|Any CPU.ActiveCfg = Debug|Any CPU
		{0531C521-2B91-4DD7-B8AC-CCD0CB3FB472}.Debug|Any CPU.Build.0 = Debug|Any CPU
		{0531C521-2B91-4DD7-B8AC-CCD0CB3FB472}.Release|Any CPU.ActiveCfg = Release|Any CPU
		{0531C521-2B91-4DD7-B8AC-CCD0CB3FB472}.Release|Any CPU.Build.0 = Release|Any CPU
		{7CAC8F60-AD0E-45EB-B1E9-B3448CE9109C}.Debug|Any CPU.ActiveCfg = Debug|Any CPU
		{7CAC8F60-AD0E-45EB-B1E9-B3448CE9109C}.Debug|Any CPU.Build.0 = Debug|Any CPU
		{7CAC8F60-AD0E-45EB-B1E9-B3448CE9109C}.Release|Any CPU.ActiveCfg = Release|Any CPU
		{7CAC8F60-AD0E-45EB-B1E9-B3448CE9109C}.Release|Any CPU.Build.0 = Release|Any CPU
	EndGlobalSection
	GlobalSection(SolutionProperties) = preSolution
		HideSolutionNode = FALSE
	EndGlobalSection
	GlobalSection(NestedProjects) = preSolution
		{0531C521-2B91-4DD7-B8AC-CCD0CB3FB472} = {C49C50D8-52AE-413F-A279-8A7FA75918BE}
		{7CAC8F60-AD0E-45EB-B1E9-B3448CE9109C} = {3A12511C-9A27-4FF5-ABF6-EA0B9A682707}
	EndGlobalSection
	GlobalSection(ExtensibilityGlobals) = postSolution
		SolutionGuid = {C83B2C6D-0CF0-4760-9684-2DF29F8EEDF9}
	EndGlobalSection
EndGlobal
